
Microsoft Visual Studio Solution File, Format Version 12.00
# Visual Studio Version 17
VisualStudioVersion = 17.9.34310.174
MinimumVisualStudioVersion = 10.0.40219.1
Project("{9A19103F-16F7-4668-BE54-9A1E7A4F7556}") = "LCARS", "LCARS\LCARS.csproj", "{72B48206-7E17-458A-988E-21DC9BE87ACC}"
EndProject
Project("{9A19103F-16F7-4668-BE54-9A1E7A4F7556}") = "LCARS.Client", "LCARS.Client\LCARS.Client.csproj", "{A4D6979E-FDC9-43D8-AAD0-656668C2ED2C}"
EndProject
Project("{9A19103F-16F7-4668-BE54-9A1E7A4F7556}") = "LCARS.Shared", "LCARS.Shared\LCARS.Shared.csproj", "{3E9370E8-1868-4F6D-9698-494CC109B26E}"
EndProject
Global
	GlobalSection(SolutionConfigurationPlatforms) = preSolution
		Debug|Any CPU = Debug|Any CPU
		Release|Any CPU = Release|Any CPU
	EndGlobalSection
	GlobalSection(ProjectConfigurationPlatforms) = postSolution
		{72B48206-7E17-458A-988E-21DC9BE87ACC}.Debug|Any CPU.ActiveCfg = Debug|Any CPU
		{72B48206-7E17-458A-988E-21DC9BE87ACC}.Debug|Any CPU.Build.0 = Debug|Any CPU
		{72B48206-7E17-458A-988E-21DC9BE87ACC}.Release|Any CPU.ActiveCfg = Release|Any CPU
		{72B48206-7E17-458A-988E-21DC9BE87ACC}.Release|Any CPU.Build.0 = Release|Any CPU
		{A4D6979E-FDC9-43D8-AAD0-656668C2ED2C}.Debug|Any CPU.ActiveCfg = Debug|Any CPU
		{A4D6979E-FDC9-43D8-AAD0-656668C2ED2C}.Debug|Any CPU.Build.0 = Debug|Any CPU
		{A4D6979E-FDC9-43D8-AAD0-656668C2ED2C}.Release|Any CPU.ActiveCfg = Release|Any CPU
		{A4D6979E-FDC9-43D8-AAD0-656668C2ED2C}.Release|Any CPU.Build.0 = Release|Any CPU
		{3E9370E8-1868-4F6D-9698-494CC109B26E}.Debug|Any CPU.ActiveCfg = Debug|Any CPU
		{3E9370E8-1868-4F6D-9698-494CC109B26E}.Debug|Any CPU.Build.0 = Debug|Any CPU
		{3E9370E8-1868-4F6D-9698-494CC109B26E}.Release|Any CPU.ActiveCfg = Release|Any CPU
		{3E9370E8-1868-4F6D-9698-494CC109B26E}.Release|Any CPU.Build.0 = Release|Any CPU
	EndGlobalSection
	GlobalSection(SolutionProperties) = preSolution
		HideSolutionNode = FALSE
	EndGlobalSection
	GlobalSection(ExtensibilityGlobals) = postSolution
		SolutionGuid = {1AF1039C-0918-43D6-98BC-85F2055E89CF}
	EndGlobalSection
EndGlobal
